// !$*UTF8*$!
{
	archiveVersion = 1;
	classes = {
	};
	objectVersion = 46;
	objects = {

/* Begin PBXBuildFile section */
		3C30FCE19EFD494B98C36FCE /* libPods.a in Frameworks */ = {isa = PBXBuildFile; fileRef = BF1DF7F1F5F5453FA6CF99F2 /* libPods.a */; };
		B66349791903ECC5006C4170 /* RootTableViewController.m in Sources */ = {isa = PBXBuildFile; fileRef = B66349781903ECC5006C4170 /* RootTableViewController.m */; };
		B663497C1903EE5A006C4170 /* SubredditTableViewCell.m in Sources */ = {isa = PBXBuildFile; fileRef = B663497B1903EE5A006C4170 /* SubredditTableViewCell.m */; };
		B6B976E319033BDF00096B61 /* PostTableViewCell.m in Sources */ = {isa = PBXBuildFile; fileRef = B6B976E119033BDF00096B61 /* PostTableViewCell.m */; };
		B6B976E81903520100096B61 /* ImageFetcher.m in Sources */ = {isa = PBXBuildFile; fileRef = B6B976E71903520100096B61 /* ImageFetcher.m */; };
		B6B976EB19035B4000096B61 /* ResourceManager.m in Sources */ = {isa = PBXBuildFile; fileRef = B6B976EA19035B4000096B61 /* ResourceManager.m */; };
		B6D27CA6190337FA0006E620 /* Foundation.framework in Frameworks */ = {isa = PBXBuildFile; fileRef = B6D27CA5190337FA0006E620 /* Foundation.framework */; };
		B6D27CA8190337FA0006E620 /* CoreGraphics.framework in Frameworks */ = {isa = PBXBuildFile; fileRef = B6D27CA7190337FA0006E620 /* CoreGraphics.framework */; };
		B6D27CAA190337FA0006E620 /* UIKit.framework in Frameworks */ = {isa = PBXBuildFile; fileRef = B6D27CA9190337FA0006E620 /* UIKit.framework */; };
		B6D27CAC190337FA0006E620 /* CoreData.framework in Frameworks */ = {isa = PBXBuildFile; fileRef = B6D27CAB190337FA0006E620 /* CoreData.framework */; };
		B6D27CB2190337FA0006E620 /* InfoPlist.strings in Resources */ = {isa = PBXBuildFile; fileRef = B6D27CB0190337FA0006E620 /* InfoPlist.strings */; };
		B6D27CB4190337FA0006E620 /* main.m in Sources */ = {isa = PBXBuildFile; fileRef = B6D27CB3190337FA0006E620 /* main.m */; };
		B6D27CB8190337FA0006E620 /* AppDelegate.m in Sources */ = {isa = PBXBuildFile; fileRef = B6D27CB7190337FA0006E620 /* AppDelegate.m */; };
		B6D27CBB190337FA0006E620 /* Main_iPhone.storyboard in Resources */ = {isa = PBXBuildFile; fileRef = B6D27CB9190337FA0006E620 /* Main_iPhone.storyboard */; };
		B6D27CC1190337FA0006E620 /* Readdit.xcdatamodeld in Sources */ = {isa = PBXBuildFile; fileRef = B6D27CBF190337FA0006E620 /* Readdit.xcdatamodeld */; };
		B6D27CC4190337FA0006E620 /* FrontPageViewController.m in Sources */ = {isa = PBXBuildFile; fileRef = B6D27CC3190337FA0006E620 /* FrontPageViewController.m */; };
		B6D27CC7190337FA0006E620 /* PostViewController.m in Sources */ = {isa = PBXBuildFile; fileRef = B6D27CC6190337FA0006E620 /* PostViewController.m */; };
		B6D27CC9190337FA0006E620 /* Images.xcassets in Resources */ = {isa = PBXBuildFile; fileRef = B6D27CC8190337FA0006E620 /* Images.xcassets */; };
		B6D27CD0190337FA0006E620 /* XCTest.framework in Frameworks */ = {isa = PBXBuildFile; fileRef = B6D27CCF190337FA0006E620 /* XCTest.framework */; };
		B6D27CD1190337FA0006E620 /* Foundation.framework in Frameworks */ = {isa = PBXBuildFile; fileRef = B6D27CA5190337FA0006E620 /* Foundation.framework */; };
		B6D27CD2190337FA0006E620 /* UIKit.framework in Frameworks */ = {isa = PBXBuildFile; fileRef = B6D27CA9190337FA0006E620 /* UIKit.framework */; };
		B6D27CD3190337FA0006E620 /* CoreData.framework in Frameworks */ = {isa = PBXBuildFile; fileRef = B6D27CAB190337FA0006E620 /* CoreData.framework */; };
		B6D27CDB190337FA0006E620 /* InfoPlist.strings in Resources */ = {isa = PBXBuildFile; fileRef = B6D27CD9190337FA0006E620 /* InfoPlist.strings */; };
		B6D27CDD190337FA0006E620 /* ReadditTests.m in Sources */ = {isa = PBXBuildFile; fileRef = B6D27CDC190337FA0006E620 /* ReadditTests.m */; };
/* End PBXBuildFile section */

/* Begin PBXContainerItemProxy section */
		B6D27CD4190337FA0006E620 /* PBXContainerItemProxy */ = {
			isa = PBXContainerItemProxy;
			containerPortal = B6D27C9A190337FA0006E620 /* Project object */;
			proxyType = 1;
			remoteGlobalIDString = B6D27CA1190337FA0006E620;
			remoteInfo = Readdit;
		};
/* End PBXContainerItemProxy section */

/* Begin PBXFileReference section */
		B66349771903ECC5006C4170 /* RootTableViewController.h */ = {isa = PBXFileReference; fileEncoding = 4; lastKnownFileType = sourcecode.c.h; path = RootTableViewController.h; sourceTree = "<group>"; };
		B66349781903ECC5006C4170 /* RootTableViewController.m */ = {isa = PBXFileReference; fileEncoding = 4; lastKnownFileType = sourcecode.c.objc; path = RootTableViewController.m; sourceTree = "<group>"; };
		B663497A1903EE5A006C4170 /* SubredditTableViewCell.h */ = {isa = PBXFileReference; fileEncoding = 4; lastKnownFileType = sourcecode.c.h; path = SubredditTableViewCell.h; sourceTree = "<group>"; };
		B663497B1903EE5A006C4170 /* SubredditTableViewCell.m */ = {isa = PBXFileReference; fileEncoding = 4; lastKnownFileType = sourcecode.c.objc; path = SubredditTableViewCell.m; sourceTree = "<group>"; };
		B6B976D8190339CA00096B61 /* libPods-RedditKit.a */ = {isa = PBXFileReference; lastKnownFileType = archive.ar; name = "libPods-RedditKit.a"; path = "Pods/build/Debug-iphoneos/libPods-RedditKit.a"; sourceTree = "<group>"; };
		B6B976E019033BDF00096B61 /* PostTableViewCell.h */ = {isa = PBXFileReference; fileEncoding = 4; lastKnownFileType = sourcecode.c.h; path = PostTableViewCell.h; sourceTree = "<group>"; };
		B6B976E119033BDF00096B61 /* PostTableViewCell.m */ = {isa = PBXFileReference; fileEncoding = 4; lastKnownFileType = sourcecode.c.objc; path = PostTableViewCell.m; sourceTree = "<group>"; };
		B6B976E61903520100096B61 /* ImageFetcher.h */ = {isa = PBXFileReference; fileEncoding = 4; lastKnownFileType = sourcecode.c.h; path = ImageFetcher.h; sourceTree = "<group>"; };
		B6B976E71903520100096B61 /* ImageFetcher.m */ = {isa = PBXFileReference; fileEncoding = 4; lastKnownFileType = sourcecode.c.objc; path = ImageFetcher.m; sourceTree = "<group>"; };
		B6B976E919035B4000096B61 /* ResourceManager.h */ = {isa = PBXFileReference; fileEncoding = 4; lastKnownFileType = sourcecode.c.h; path = ResourceManager.h; sourceTree = "<group>"; };
		B6B976EA19035B4000096B61 /* ResourceManager.m */ = {isa = PBXFileReference; fileEncoding = 4; lastKnownFileType = sourcecode.c.objc; path = ResourceManager.m; sourceTree = "<group>"; };
		B6D27CA2190337FA0006E620 /* Readdit.app */ = {isa = PBXFileReference; explicitFileType = wrapper.application; includeInIndex = 0; path = Readdit.app; sourceTree = BUILT_PRODUCTS_DIR; };
		B6D27CA5190337FA0006E620 /* Foundation.framework */ = {isa = PBXFileReference; lastKnownFileType = wrapper.framework; name = Foundation.framework; path = System/Library/Frameworks/Foundation.framework; sourceTree = SDKROOT; };
		B6D27CA7190337FA0006E620 /* CoreGraphics.framework */ = {isa = PBXFileReference; lastKnownFileType = wrapper.framework; name = CoreGraphics.framework; path = System/Library/Frameworks/CoreGraphics.framework; sourceTree = SDKROOT; };
		B6D27CA9190337FA0006E620 /* UIKit.framework */ = {isa = PBXFileReference; lastKnownFileType = wrapper.framework; name = UIKit.framework; path = System/Library/Frameworks/UIKit.framework; sourceTree = SDKROOT; };
		B6D27CAB190337FA0006E620 /* CoreData.framework */ = {isa = PBXFileReference; lastKnownFileType = wrapper.framework; name = CoreData.framework; path = System/Library/Frameworks/CoreData.framework; sourceTree = SDKROOT; };
		B6D27CAF190337FA0006E620 /* Readdit-Info.plist */ = {isa = PBXFileReference; lastKnownFileType = text.plist.xml; path = "Readdit-Info.plist"; sourceTree = "<group>"; };
		B6D27CB1190337FA0006E620 /* en */ = {isa = PBXFileReference; lastKnownFileType = text.plist.strings; name = en; path = en.lproj/InfoPlist.strings; sourceTree = "<group>"; };
		B6D27CB3190337FA0006E620 /* main.m */ = {isa = PBXFileReference; lastKnownFileType = sourcecode.c.objc; path = main.m; sourceTree = "<group>"; };
		B6D27CB5190337FA0006E620 /* Readdit-Prefix.pch */ = {isa = PBXFileReference; lastKnownFileType = sourcecode.c.h; path = "Readdit-Prefix.pch"; sourceTree = "<group>"; };
		B6D27CB6190337FA0006E620 /* AppDelegate.h */ = {isa = PBXFileReference; lastKnownFileType = sourcecode.c.h; path = AppDelegate.h; sourceTree = "<group>"; };
		B6D27CB7190337FA0006E620 /* AppDelegate.m */ = {isa = PBXFileReference; lastKnownFileType = sourcecode.c.objc; path = AppDelegate.m; sourceTree = "<group>"; };
		B6D27CBA190337FA0006E620 /* Base */ = {isa = PBXFileReference; lastKnownFileType = file.storyboard; name = Base; path = Base.lproj/Main_iPhone.storyboard; sourceTree = "<group>"; };
		B6D27CC0190337FA0006E620 /* Readdit.xcdatamodel */ = {isa = PBXFileReference; lastKnownFileType = wrapper.xcdatamodel; path = Readdit.xcdatamodel; sourceTree = "<group>"; };
		B6D27CC2190337FA0006E620 /* FrontPageViewController.h */ = {isa = PBXFileReference; lastKnownFileType = sourcecode.c.h; path = FrontPageViewController.h; sourceTree = "<group>"; };
		B6D27CC3190337FA0006E620 /* FrontPageViewController.m */ = {isa = PBXFileReference; lastKnownFileType = sourcecode.c.objc; path = FrontPageViewController.m; sourceTree = "<group>"; };
		B6D27CC5190337FA0006E620 /* PostViewController.h */ = {isa = PBXFileReference; lastKnownFileType = sourcecode.c.h; path = PostViewController.h; sourceTree = "<group>"; };
		B6D27CC6190337FA0006E620 /* PostViewController.m */ = {isa = PBXFileReference; lastKnownFileType = sourcecode.c.objc; path = PostViewController.m; sourceTree = "<group>"; };
		B6D27CC8190337FA0006E620 /* Images.xcassets */ = {isa = PBXFileReference; lastKnownFileType = folder.assetcatalog; path = Images.xcassets; sourceTree = "<group>"; };
		B6D27CCE190337FA0006E620 /* ReadditTests.xctest */ = {isa = PBXFileReference; explicitFileType = wrapper.cfbundle; includeInIndex = 0; path = ReadditTests.xctest; sourceTree = BUILT_PRODUCTS_DIR; };
		B6D27CCF190337FA0006E620 /* XCTest.framework */ = {isa = PBXFileReference; lastKnownFileType = wrapper.framework; name = XCTest.framework; path = Library/Frameworks/XCTest.framework; sourceTree = DEVELOPER_DIR; };
		B6D27CD8190337FA0006E620 /* ReadditTests-Info.plist */ = {isa = PBXFileReference; lastKnownFileType = text.plist.xml; path = "ReadditTests-Info.plist"; sourceTree = "<group>"; };
		B6D27CDA190337FA0006E620 /* en */ = {isa = PBXFileReference; lastKnownFileType = text.plist.strings; name = en; path = en.lproj/InfoPlist.strings; sourceTree = "<group>"; };
		B6D27CDC190337FA0006E620 /* ReadditTests.m */ = {isa = PBXFileReference; lastKnownFileType = sourcecode.c.objc; path = ReadditTests.m; sourceTree = "<group>"; };
		BF1DF7F1F5F5453FA6CF99F2 /* libPods.a */ = {isa = PBXFileReference; explicitFileType = archive.ar; includeInIndex = 0; path = libPods.a; sourceTree = BUILT_PRODUCTS_DIR; };
		F2809909BD2F42BCB558CEE8 /* Pods.xcconfig */ = {isa = PBXFileReference; includeInIndex = 1; lastKnownFileType = text.xcconfig; name = Pods.xcconfig; path = Pods/Pods.xcconfig; sourceTree = "<group>"; };
/* End PBXFileReference section */

/* Begin PBXFrameworksBuildPhase section */
		B6D27C9F190337FA0006E620 /* Frameworks */ = {
			isa = PBXFrameworksBuildPhase;
			buildActionMask = 2147483647;
			files = (
				B6D27CA8190337FA0006E620 /* CoreGraphics.framework in Frameworks */,
				B6D27CAC190337FA0006E620 /* CoreData.framework in Frameworks */,
				B6D27CAA190337FA0006E620 /* UIKit.framework in Frameworks */,
				B6D27CA6190337FA0006E620 /* Foundation.framework in Frameworks */,
				3C30FCE19EFD494B98C36FCE /* libPods.a in Frameworks */,
			);
			runOnlyForDeploymentPostprocessing = 0;
		};
		B6D27CCB190337FA0006E620 /* Frameworks */ = {
			isa = PBXFrameworksBuildPhase;
			buildActionMask = 2147483647;
			files = (
				B6D27CD0190337FA0006E620 /* XCTest.framework in Frameworks */,
				B6D27CD3190337FA0006E620 /* CoreData.framework in Frameworks */,
				B6D27CD2190337FA0006E620 /* UIKit.framework in Frameworks */,
				B6D27CD1190337FA0006E620 /* Foundation.framework in Frameworks */,
			);
			runOnlyForDeploymentPostprocessing = 0;
		};
/* End PBXFrameworksBuildPhase section */

/* Begin PBXGroup section */
		B66349761903ECA4006C4170 /* Controllers */ = {
			isa = PBXGroup;
			children = (
				B6D27CC2190337FA0006E620 /* FrontPageViewController.h */,
				B6D27CC3190337FA0006E620 /* FrontPageViewController.m */,
				B6D27CC5190337FA0006E620 /* PostViewController.h */,
				B6D27CC6190337FA0006E620 /* PostViewController.m */,
				B66349771903ECC5006C4170 /* RootTableViewController.h */,
				B66349781903ECC5006C4170 /* RootTableViewController.m */,
			);
			name = Controllers;
			sourceTree = "<group>";
		};
		B6B976DF19033BAA00096B61 /* Cells */ = {
			isa = PBXGroup;
			children = (
				B6B976E019033BDF00096B61 /* PostTableViewCell.h */,
				B6B976E119033BDF00096B61 /* PostTableViewCell.m */,
				B663497A1903EE5A006C4170 /* SubredditTableViewCell.h */,
				B663497B1903EE5A006C4170 /* SubredditTableViewCell.m */,
			);
			name = Cells;
			sourceTree = "<group>";
		};
		B6B976E5190351E600096B61 /* Data */ = {
			isa = PBXGroup;
			children = (
				B6B976E61903520100096B61 /* ImageFetcher.h */,
				B6B976E71903520100096B61 /* ImageFetcher.m */,
				B6B976E919035B4000096B61 /* ResourceManager.h */,
				B6B976EA19035B4000096B61 /* ResourceManager.m */,
			);
			name = Data;
			sourceTree = "<group>";
		};
		B6D27C99190337FA0006E620 = {
			isa = PBXGroup;
			children = (
				B6D27CAD190337FA0006E620 /* Readdit */,
				B6D27CD6190337FA0006E620 /* ReadditTests */,
				B6D27CA4190337FA0006E620 /* Frameworks */,
				B6D27CA3190337FA0006E620 /* Products */,
				F2809909BD2F42BCB558CEE8 /* Pods.xcconfig */,
			);
			sourceTree = "<group>";
		};
		B6D27CA3190337FA0006E620 /* Products */ = {
			isa = PBXGroup;
			children = (
				B6D27CA2190337FA0006E620 /* Readdit.app */,
				B6D27CCE190337FA0006E620 /* ReadditTests.xctest */,
			);
			name = Products;
			sourceTree = "<group>";
		};
		B6D27CA4190337FA0006E620 /* Frameworks */ = {
			isa = PBXGroup;
			children = (
				B6B976D8190339CA00096B61 /* libPods-RedditKit.a */,
				B6D27CA5190337FA0006E620 /* Foundation.framework */,
				B6D27CA7190337FA0006E620 /* CoreGraphics.framework */,
				B6D27CA9190337FA0006E620 /* UIKit.framework */,
				B6D27CAB190337FA0006E620 /* CoreData.framework */,
				B6D27CCF190337FA0006E620 /* XCTest.framework */,
				BF1DF7F1F5F5453FA6CF99F2 /* libPods.a */,
			);
			name = Frameworks;
			sourceTree = "<group>";
		};
		B6D27CAD190337FA0006E620 /* Readdit */ = {
			isa = PBXGroup;
			children = (
				B6B976E5190351E600096B61 /* Data */,
				B6B976DF19033BAA00096B61 /* Cells */,
				B6D27CB6190337FA0006E620 /* AppDelegate.h */,
				B6D27CB7190337FA0006E620 /* AppDelegate.m */,
				B6D27CB9190337FA0006E620 /* Main_iPhone.storyboard */,
				B66349761903ECA4006C4170 /* Controllers */,
				B6D27CC8190337FA0006E620 /* Images.xcassets */,
				B6D27CBF190337FA0006E620 /* Readdit.xcdatamodeld */,
				B6D27CAE190337FA0006E620 /* Supporting Files */,
			);
			path = Readdit;
			sourceTree = "<group>";
		};
		B6D27CAE190337FA0006E620 /* Supporting Files */ = {
			isa = PBXGroup;
			children = (
				B6D27CAF190337FA0006E620 /* Readdit-Info.plist */,
				B6D27CB0190337FA0006E620 /* InfoPlist.strings */,
				B6D27CB3190337FA0006E620 /* main.m */,
				B6D27CB5190337FA0006E620 /* Readdit-Prefix.pch */,
			);
			name = "Supporting Files";
			sourceTree = "<group>";
		};
		B6D27CD6190337FA0006E620 /* ReadditTests */ = {
			isa = PBXGroup;
			children = (
				B6D27CDC190337FA0006E620 /* ReadditTests.m */,
				B6D27CD7190337FA0006E620 /* Supporting Files */,
			);
			path = ReadditTests;
			sourceTree = "<group>";
		};
		B6D27CD7190337FA0006E620 /* Supporting Files */ = {
			isa = PBXGroup;
			children = (
				B6D27CD8190337FA0006E620 /* ReadditTests-Info.plist */,
				B6D27CD9190337FA0006E620 /* InfoPlist.strings */,
			);
			name = "Supporting Files";
			sourceTree = "<group>";
		};
/* End PBXGroup section */

/* Begin PBXNativeTarget section */
		B6D27CA1190337FA0006E620 /* Readdit */ = {
			isa = PBXNativeTarget;
			buildConfigurationList = B6D27CE0190337FA0006E620 /* Build configuration list for PBXNativeTarget "Readdit" */;
			buildPhases = (
				CB07C4553E9248EBA9230149 /* Check Pods Manifest.lock */,
				B6D27C9E190337FA0006E620 /* Sources */,
				B6D27C9F190337FA0006E620 /* Frameworks */,
				B6D27CA0190337FA0006E620 /* Resources */,
				8E1B393D4D764DF08C542FDE /* Copy Pods Resources */,
			);
			buildRules = (
			);
			dependencies = (
			);
			name = Readdit;
			productName = Readdit;
			productReference = B6D27CA2190337FA0006E620 /* Readdit.app */;
			productType = "com.apple.product-type.application";
		};
		B6D27CCD190337FA0006E620 /* ReadditTests */ = {
			isa = PBXNativeTarget;
			buildConfigurationList = B6D27CE3190337FA0006E620 /* Build configuration list for PBXNativeTarget "ReadditTests" */;
			buildPhases = (
				B6D27CCA190337FA0006E620 /* Sources */,
				B6D27CCB190337FA0006E620 /* Frameworks */,
				B6D27CCC190337FA0006E620 /* Resources */,
			);
			buildRules = (
			);
			dependencies = (
				B6D27CD5190337FA0006E620 /* PBXTargetDependency */,
			);
			name = ReadditTests;
			productName = ReadditTests;
			productReference = B6D27CCE190337FA0006E620 /* ReadditTests.xctest */;
			productType = "com.apple.product-type.bundle.unit-test";
		};
/* End PBXNativeTarget section */

/* Begin PBXProject section */
		B6D27C9A190337FA0006E620 /* Project object */ = {
			isa = PBXProject;
			attributes = {
				LastUpgradeCheck = 0510;
				ORGANIZATIONNAME = "Nicholas Wood";
				TargetAttributes = {
					B6D27CCD190337FA0006E620 = {
						TestTargetID = B6D27CA1190337FA0006E620;
					};
				};
			};
			buildConfigurationList = B6D27C9D190337FA0006E620 /* Build configuration list for PBXProject "Readdit" */;
			compatibilityVersion = "Xcode 3.2";
			developmentRegion = English;
			hasScannedForEncodings = 0;
			knownRegions = (
				en,
				Base,
			);
			mainGroup = B6D27C99190337FA0006E620;
			productRefGroup = B6D27CA3190337FA0006E620 /* Products */;
			projectDirPath = "";
			projectRoot = "";
			targets = (
				B6D27CA1190337FA0006E620 /* Readdit */,
				B6D27CCD190337FA0006E620 /* ReadditTests */,
			);
		};
/* End PBXProject section */

/* Begin PBXResourcesBuildPhase section */
		B6D27CA0190337FA0006E620 /* Resources */ = {
			isa = PBXResourcesBuildPhase;
			buildActionMask = 2147483647;
			files = (
				B6D27CC9190337FA0006E620 /* Images.xcassets in Resources */,
				B6D27CBB190337FA0006E620 /* Main_iPhone.storyboard in Resources */,
				B6D27CB2190337FA0006E620 /* InfoPlist.strings in Resources */,
			);
			runOnlyForDeploymentPostprocessing = 0;
		};
		B6D27CCC190337FA0006E620 /* Resources */ = {
			isa = PBXResourcesBuildPhase;
			buildActionMask = 2147483647;
			files = (
				B6D27CDB190337FA0006E620 /* InfoPlist.strings in Resources */,
			);
			runOnlyForDeploymentPostprocessing = 0;
		};
/* End PBXResourcesBuildPhase section */

/* Begin PBXShellScriptBuildPhase section */
		8E1B393D4D764DF08C542FDE /* Copy Pods Resources */ = {
			isa = PBXShellScriptBuildPhase;
			buildActionMask = 2147483647;
			files = (
			);
			inputPaths = (
			);
			name = "Copy Pods Resources";
			outputPaths = (
			);
			runOnlyForDeploymentPostprocessing = 0;
			shellPath = /bin/sh;
			shellScript = "\"${SRCROOT}/Pods/Pods-resources.sh\"\n";
			showEnvVarsInLog = 0;
		};
		CB07C4553E9248EBA9230149 /* Check Pods Manifest.lock */ = {
			isa = PBXShellScriptBuildPhase;
			buildActionMask = 2147483647;
			files = (
			);
			inputPaths = (
			);
			name = "Check Pods Manifest.lock";
			outputPaths = (
			);
			runOnlyForDeploymentPostprocessing = 0;
			shellPath = /bin/sh;
			shellScript = "diff \"${PODS_ROOT}/../Podfile.lock\" \"${PODS_ROOT}/Manifest.lock\" > /dev/null\nif [[ $? != 0 ]] ; then\n    cat << EOM\nerror: The sandbox is not in sync with the Podfile.lock. Run 'pod install' or update your CocoaPods installation.\nEOM\n    exit 1\nfi\n";
			showEnvVarsInLog = 0;
		};
/* End PBXShellScriptBuildPhase section */

/* Begin PBXSourcesBuildPhase section */
		B6D27C9E190337FA0006E620 /* Sources */ = {
			isa = PBXSourcesBuildPhase;
			buildActionMask = 2147483647;
			files = (
				B6D27CC7190337FA0006E620 /* PostViewController.m in Sources */,
				B6B976E319033BDF00096B61 /* PostTableViewCell.m in Sources */,
				B6B976E81903520100096B61 /* ImageFetcher.m in Sources */,
				B66349791903ECC5006C4170 /* RootTableViewController.m in Sources */,
				B6D27CC4190337FA0006E620 /* FrontPageViewController.m in Sources */,
				B6D27CC1190337FA0006E620 /* Readdit.xcdatamodeld in Sources */,
				B6D27CB8190337FA0006E620 /* AppDelegate.m in Sources */,
				B6D27CB4190337FA0006E620 /* main.m in Sources */,
				B663497C1903EE5A006C4170 /* SubredditTableViewCell.m in Sources */,
				B6B976EB19035B4000096B61 /* ResourceManager.m in Sources */,
			);
			runOnlyForDeploymentPostprocessing = 0;
		};
		B6D27CCA190337FA0006E620 /* Sources */ = {
			isa = PBXSourcesBuildPhase;
			buildActionMask = 2147483647;
			files = (
				B6D27CDD190337FA0006E620 /* ReadditTests.m in Sources */,
			);
			runOnlyForDeploymentPostprocessing = 0;
		};
/* End PBXSourcesBuildPhase section */

/* Begin PBXTargetDependency section */
		B6D27CD5190337FA0006E620 /* PBXTargetDependency */ = {
			isa = PBXTargetDependency;
			target = B6D27CA1190337FA0006E620 /* Readdit */;
			targetProxy = B6D27CD4190337FA0006E620 /* PBXContainerItemProxy */;
		};
/* End PBXTargetDependency section */

/* Begin PBXVariantGroup section */
		B6D27CB0190337FA0006E620 /* InfoPlist.strings */ = {
			isa = PBXVariantGroup;
			children = (
				B6D27CB1190337FA0006E620 /* en */,
			);
			name = InfoPlist.strings;
			sourceTree = "<group>";
		};
		B6D27CB9190337FA0006E620 /* Main_iPhone.storyboard */ = {
			isa = PBXVariantGroup;
			children = (
				B6D27CBA190337FA0006E620 /* Base */,
			);
			name = Main_iPhone.storyboard;
			sourceTree = "<group>";
		};
		B6D27CD9190337FA0006E620 /* InfoPlist.strings */ = {
			isa = PBXVariantGroup;
			children = (
				B6D27CDA190337FA0006E620 /* en */,
			);
			name = InfoPlist.strings;
			sourceTree = "<group>";
		};
/* End PBXVariantGroup section */

/* Begin XCBuildConfiguration section */
		B6D27CDE190337FA0006E620 /* Debug */ = {
			isa = XCBuildConfiguration;
			buildSettings = {
				ALWAYS_SEARCH_USER_PATHS = NO;
				CLANG_CXX_LANGUAGE_STANDARD = "gnu++0x";
				CLANG_CXX_LIBRARY = "libc++";
				CLANG_ENABLE_MODULES = YES;
				CLANG_ENABLE_OBJC_ARC = YES;
				CLANG_WARN_BOOL_CONVERSION = YES;
				CLANG_WARN_CONSTANT_CONVERSION = YES;
				CLANG_WARN_DIRECT_OBJC_ISA_USAGE = YES_ERROR;
				CLANG_WARN_EMPTY_BODY = YES;
				CLANG_WARN_ENUM_CONVERSION = YES;
				CLANG_WARN_INT_CONVERSION = YES;
				CLANG_WARN_OBJC_ROOT_CLASS = YES_ERROR;
				CLANG_WARN__DUPLICATE_METHOD_MATCH = YES;
				"CODE_SIGN_IDENTITY[sdk=iphoneos*]" = "iPhone Developer";
				COPY_PHASE_STRIP = NO;
				GCC_C_LANGUAGE_STANDARD = gnu99;
				GCC_DYNAMIC_NO_PIC = NO;
				GCC_OPTIMIZATION_LEVEL = 0;
				GCC_PREPROCESSOR_DEFINITIONS = (
					"DEBUG=1",
					"$(inherited)",
				);
				GCC_SYMBOLS_PRIVATE_EXTERN = NO;
				GCC_WARN_64_TO_32_BIT_CONVERSION = YES;
				GCC_WARN_ABOUT_RETURN_TYPE = YES_ERROR;
				GCC_WARN_UNDECLARED_SELECTOR = YES;
				GCC_WARN_UNINITIALIZED_AUTOS = YES_AGGRESSIVE;
				GCC_WARN_UNUSED_FUNCTION = YES;
				GCC_WARN_UNUSED_VARIABLE = YES;
				IPHONEOS_DEPLOYMENT_TARGET = 7.1;
				ONLY_ACTIVE_ARCH = YES;
				SDKROOT = iphoneos;
				TARGETED_DEVICE_FAMILY = "1,2";
			};
			name = Debug;
		};
		B6D27CDF190337FA0006E620 /* Release */ = {
			isa = XCBuildConfiguration;
			buildSettings = {
				ALWAYS_SEARCH_USER_PATHS = NO;
				CLANG_CXX_LANGUAGE_STANDARD = "gnu++0x";
				CLANG_CXX_LIBRARY = "libc++";
				CLANG_ENABLE_MODULES = YES;
				CLANG_ENABLE_OBJC_ARC = YES;
				CLANG_WARN_BOOL_CONVERSION = YES;
				CLANG_WARN_CONSTANT_CONVERSION = YES;
				CLANG_WARN_DIRECT_OBJC_ISA_USAGE = YES_ERROR;
				CLANG_WARN_EMPTY_BODY = YES;
				CLANG_WARN_ENUM_CONVERSION = YES;
				CLANG_WARN_INT_CONVERSION = YES;
				CLANG_WARN_OBJC_ROOT_CLASS = YES_ERROR;
				CLANG_WARN__DUPLICATE_METHOD_MATCH = YES;
				"CODE_SIGN_IDENTITY[sdk=iphoneos*]" = "iPhone Developer";
				COPY_PHASE_STRIP = YES;
				ENABLE_NS_ASSERTIONS = NO;
				GCC_C_LANGUAGE_STANDARD = gnu99;
				GCC_WARN_64_TO_32_BIT_CONVERSION = YES;
				GCC_WARN_ABOUT_RETURN_TYPE = YES_ERROR;
				GCC_WARN_UNDECLARED_SELECTOR = YES;
				GCC_WARN_UNINITIALIZED_AUTOS = YES_AGGRESSIVE;
				GCC_WARN_UNUSED_FUNCTION = YES;
				GCC_WARN_UNUSED_VARIABLE = YES;
				IPHONEOS_DEPLOYMENT_TARGET = 7.1;
				SDKROOT = iphoneos;
				TARGETED_DEVICE_FAMILY = "1,2";
				VALIDATE_PRODUCT = YES;
			};
			name = Release;
		};
		B6D27CE1190337FA0006E620 /* Debug */ = {
			isa = XCBuildConfiguration;
			baseConfigurationReference = F2809909BD2F42BCB558CEE8 /* Pods.xcconfig */;
			buildSettings = {
				ASSETCATALOG_COMPILER_APPICON_NAME = AppIcon;
				ASSETCATALOG_COMPILER_LAUNCHIMAGE_NAME = LaunchImage;
				GCC_PRECOMPILE_PREFIX_HEADER = YES;
				GCC_PREFIX_HEADER = "Readdit/Readdit-Prefix.pch";
				INFOPLIST_FILE = "Readdit/Readdit-Info.plist";
				LIBRARY_SEARCH_PATHS = (
					"$(inherited)",
					"$(PROJECT_DIR)/Pods/build/Debug-iphoneos",
				);
				PRODUCT_NAME = "$(TARGET_NAME)";
				WRAPPER_EXTENSION = app;
			};
			name = Debug;
		};
		B6D27CE2190337FA0006E620 /* Release */ = {
			isa = XCBuildConfiguration;
			baseConfigurationReference = F2809909BD2F42BCB558CEE8 /* Pods.xcconfig */;
			buildSettings = {
				ASSETCATALOG_COMPILER_APPICON_NAME = AppIcon;
				ASSETCATALOG_COMPILER_LAUNCHIMAGE_NAME = LaunchImage;
				GCC_PRECOMPILE_PREFIX_HEADER = YES;
				GCC_PREFIX_HEADER = "Readdit/Readdit-Prefix.pch";
				INFOPLIST_FILE = "Readdit/Readdit-Info.plist";
				LIBRARY_SEARCH_PATHS = (
					"$(inherited)",
					"$(PROJECT_DIR)/Pods/build/Debug-iphoneos",
				);
				PRODUCT_NAME = "$(TARGET_NAME)";
				WRAPPER_EXTENSION = app;
			};
			name = Release;
		};
		B6D27CE4190337FA0006E620 /* Debug */ = {
			isa = XCBuildConfiguration;
			buildSettings = {
				BUNDLE_LOADER = "$(BUILT_PRODUCTS_DIR)/Readdit.app/Readdit";
				FRAMEWORK_SEARCH_PATHS = (
					"$(SDKROOT)/Developer/Library/Frameworks",
					"$(inherited)",
					"$(DEVELOPER_FRAMEWORKS_DIR)",
				);
				GCC_PRECOMPILE_PREFIX_HEADER = YES;
				GCC_PREFIX_HEADER = "Readdit/Readdit-Prefix.pch";
				GCC_PREPROCESSOR_DEFINITIONS = (
					"DEBUG=1",
					"$(inherited)",
				);
				INFOPLIST_FILE = "ReadditTests/ReadditTests-Info.plist";
				PRODUCT_NAME = "$(TARGET_NAME)";
				TEST_HOST = "$(BUNDLE_LOADER)";
				WRAPPER_EXTENSION = xctest;
			};
			name = Debug;
		};
		B6D27CE5190337FA0006E620 /* Release */ = {
			isa = XCBuildConfiguration;
			buildSettings = {
				BUNDLE_LOADER = "$(BUILT_PRODUCTS_DIR)/Readdit.app/Readdit";
				FRAMEWORK_SEARCH_PATHS = (
					"$(SDKROOT)/Developer/Library/Frameworks",
					"$(inherited)",
					"$(DEVELOPER_FRAMEWORKS_DIR)",
				);
				GCC_PRECOMPILE_PREFIX_HEADER = YES;
				GCC_PREFIX_HEADER = "Readdit/Readdit-Prefix.pch";
				INFOPLIST_FILE = "ReadditTests/ReadditTests-Info.plist";
				PRODUCT_NAME = "$(TARGET_NAME)";
				TEST_HOST = "$(BUNDLE_LOADER)";
				WRAPPER_EXTENSION = xctest;
			};
			name = Release;
		};
/* End XCBuildConfiguration section */

/* Begin XCConfigurationList section */
		B6D27C9D190337FA0006E620 /* Build configuration list for PBXProject "Readdit" */ = {
			isa = XCConfigurationList;
			buildConfigurations = (
				B6D27CDE190337FA0006E620 /* Debug */,
				B6D27CDF190337FA0006E620 /* Release */,
			);
			defaultConfigurationIsVisible = 0;
			defaultConfigurationName = Release;
		};
		B6D27CE0190337FA0006E620 /* Build configuration list for PBXNativeTarget "Readdit" */ = {
			isa = XCConfigurationList;
			buildConfigurations = (
				B6D27CE1190337FA0006E620 /* Debug */,
				B6D27CE2190337FA0006E620 /* Release */,
			);
			defaultConfigurationIsVisible = 0;
			defaultConfigurationName = Release;
		};
		B6D27CE3190337FA0006E620 /* Build configuration list for PBXNativeTarget "ReadditTests" */ = {
			isa = XCConfigurationList;
			buildConfigurations = (
				B6D27CE4190337FA0006E620 /* Debug */,
				B6D27CE5190337FA0006E620 /* Release */,
			);
			defaultConfigurationIsVisible = 0;
			defaultConfigurationName = Release;
		};
/* End XCConfigurationList section */

/* Begin XCVersionGroup section */
		B6D27CBF190337FA0006E620 /* Readdit.xcdatamodeld */ = {
			isa = XCVersionGroup;
			children = (
				B6D27CC0190337FA0006E620 /* Readdit.xcdatamodel */,
			);
			currentVersion = B6D27CC0190337FA0006E620 /* Readdit.xcdatamodel */;
			path = Readdit.xcdatamodeld;
			sourceTree = "<group>";
			versionGroupType = wrapper.xcdatamodel;
		};
/* End XCVersionGroup section */
	};
	rootObject = B6D27C9A190337FA0006E620 /* Project object */;
}
